// !$*UTF8*$!
{
	archiveVersion = 1;
	classes = {
	};
	objectVersion = 56;
	objects = {

/* Begin PBXBuildFile section */
		C8277D6B28F067B10078C9FD /* ReadingGoalsSection.swift in Sources */ = {isa = PBXBuildFile; fileRef = C8277D6A28F067B10078C9FD /* ReadingGoalsSection.swift */; };
		C8408B6C28EC8B27009D45A3 /* Entry+CoreDataClass.swift in Sources */ = {isa = PBXBuildFile; fileRef = C8408B6428EC8B27009D45A3 /* Entry+CoreDataClass.swift */; };
		C8408B6D28EC8B27009D45A3 /* Entry+CoreDataProperties.swift in Sources */ = {isa = PBXBuildFile; fileRef = C8408B6528EC8B27009D45A3 /* Entry+CoreDataProperties.swift */; };
		C8408B6E28EC8B27009D45A3 /* Quote+CoreDataClass.swift in Sources */ = {isa = PBXBuildFile; fileRef = C8408B6628EC8B27009D45A3 /* Quote+CoreDataClass.swift */; };
		C8408B6F28EC8B27009D45A3 /* Quote+CoreDataProperties.swift in Sources */ = {isa = PBXBuildFile; fileRef = C8408B6728EC8B27009D45A3 /* Quote+CoreDataProperties.swift */; };
		C8408B7028EC8B27009D45A3 /* Book+CoreDataClass.swift in Sources */ = {isa = PBXBuildFile; fileRef = C8408B6828EC8B27009D45A3 /* Book+CoreDataClass.swift */; };
		C8408B7928EC8C35009D45A3 /* Book+CoreDataProperties.swift in Sources */ = {isa = PBXBuildFile; fileRef = C8408B7628EC8C35009D45A3 /* Book+CoreDataProperties.swift */; };
		C8408B7D28EC8C90009D45A3 /* ShelvesView.swift in Sources */ = {isa = PBXBuildFile; fileRef = C8408B7C28EC8C90009D45A3 /* ShelvesView.swift */; };
		C8408B8628ED8341009D45A3 /* NewShelfSheet.swift in Sources */ = {isa = PBXBuildFile; fileRef = C8408B8528ED8341009D45A3 /* NewShelfSheet.swift */; };
		C8408B8828ED85E6009D45A3 /* WithoutListInset.swift in Sources */ = {isa = PBXBuildFile; fileRef = C8408B8728ED85E6009D45A3 /* WithoutListInset.swift */; };
		C8408B8A28ED8977009D45A3 /* ShelfRow.swift in Sources */ = {isa = PBXBuildFile; fileRef = C8408B8928ED8977009D45A3 /* ShelfRow.swift */; };
		C8408B8C28EDA1EC009D45A3 /* ReadingHistorySheet.swift in Sources */ = {isa = PBXBuildFile; fileRef = C8408B8B28EDA1EC009D45A3 /* ReadingHistorySheet.swift */; };
		C847069B28E45A29006CC559 /* Date.swift in Sources */ = {isa = PBXBuildFile; fileRef = C847069A28E45A29006CC559 /* Date.swift */; };
		C85095D828F80A68008F30C4 /* Assets.xcassets in Resources */ = {isa = PBXBuildFile; fileRef = C85095D728F80A68008F30C4 /* Assets.xcassets */; };
		C86A118729015E840003EACD /* TodaysReadingSheet.swift in Sources */ = {isa = PBXBuildFile; fileRef = C86A118629015E840003EACD /* TodaysReadingSheet.swift */; };
		C86CEDEB28F5F95800C5EB9A /* BookGrid.swift in Sources */ = {isa = PBXBuildFile; fileRef = C86CEDEA28F5F95800C5EB9A /* BookGrid.swift */; };
		C86CEDED28F5FE6100C5EB9A /* CornerRadius.swift in Sources */ = {isa = PBXBuildFile; fileRef = C86CEDEC28F5FE6100C5EB9A /* CornerRadius.swift */; };
		C86CEDEF28F602FE00C5EB9A /* ReadThisYearSection.swift in Sources */ = {isa = PBXBuildFile; fileRef = C86CEDEE28F602FE00C5EB9A /* ReadThisYearSection.swift */; };
		C86CEDF128F6078400C5EB9A /* BookCenteredGrid.swift in Sources */ = {isa = PBXBuildFile; fileRef = C86CEDF028F6078400C5EB9A /* BookCenteredGrid.swift */; };
		C898CE2928E09E960038AAA3 /* Read_UsApp.swift in Sources */ = {isa = PBXBuildFile; fileRef = C898CE2828E09E960038AAA3 /* Read_UsApp.swift */; };
		C898CE2B28E09E960038AAA3 /* ContentView.swift in Sources */ = {isa = PBXBuildFile; fileRef = C898CE2A28E09E960038AAA3 /* ContentView.swift */; };
		C898CE3028E09E970038AAA3 /* Preview Assets.xcassets in Resources */ = {isa = PBXBuildFile; fileRef = C898CE2F28E09E970038AAA3 /* Preview Assets.xcassets */; };
		C898CE3228E09E970038AAA3 /* Persistence.swift in Sources */ = {isa = PBXBuildFile; fileRef = C898CE3128E09E970038AAA3 /* Persistence.swift */; };
		C898CE4028E0A9CF0038AAA3 /* MainViewModel.swift in Sources */ = {isa = PBXBuildFile; fileRef = C898CE3F28E0A9CF0038AAA3 /* MainViewModel.swift */; };
		C89985DD28E0AEC5002C678D /* CustomTabBarView.swift in Sources */ = {isa = PBXBuildFile; fileRef = C89985DC28E0AEC5002C678D /* CustomTabBarView.swift */; };
		C89985DF28E0AF92002C678D /* TabBarItem.swift in Sources */ = {isa = PBXBuildFile; fileRef = C89985DE28E0AF92002C678D /* TabBarItem.swift */; };
		C89985E128E0B161002C678D /* CustomTabBarContainerView.swift in Sources */ = {isa = PBXBuildFile; fileRef = C89985E028E0B161002C678D /* CustomTabBarContainerView.swift */; };
		C89985E328E0BB20002C678D /* TabBarItemsPreferenceKey.swift in Sources */ = {isa = PBXBuildFile; fileRef = C89985E228E0BB20002C678D /* TabBarItemsPreferenceKey.swift */; };
		C89985EA28E0CAC5002C678D /* ReadingNowView.swift in Sources */ = {isa = PBXBuildFile; fileRef = C89985E928E0CAC5002C678D /* ReadingNowView.swift */; };
		C89985EC28E0CACE002C678D /* LibraryView.swift in Sources */ = {isa = PBXBuildFile; fileRef = C89985EB28E0CACE002C678D /* LibraryView.swift */; };
		C89985EE28E0CADE002C678D /* TrendsView.swift in Sources */ = {isa = PBXBuildFile; fileRef = C89985ED28E0CADE002C678D /* TrendsView.swift */; };
		C89985F028E0CAE9002C678D /* ProfileView.swift in Sources */ = {isa = PBXBuildFile; fileRef = C89985EF28E0CAE9002C678D /* ProfileView.swift */; };
		C89985F228E0D051002C678D /* CachedBook.swift in Sources */ = {isa = PBXBuildFile; fileRef = C89985F128E0D051002C678D /* CachedBook.swift */; };
		C89985F728E0E9C4002C678D /* NewBookSheet.swift in Sources */ = {isa = PBXBuildFile; fileRef = C89985F628E0E9C4002C678D /* NewBookSheet.swift */; };
		C899860128E0F8A7002C678D /* BookDetailView.swift in Sources */ = {isa = PBXBuildFile; fileRef = C899860028E0F8A7002C678D /* BookDetailView.swift */; };
		C899860328E0FA5B002C678D /* ReadingStatus.swift in Sources */ = {isa = PBXBuildFile; fileRef = C899860228E0FA5B002C678D /* ReadingStatus.swift */; };
		C899860F28E1F623002C678D /* BookPhotoCell.swift in Sources */ = {isa = PBXBuildFile; fileRef = C899860E28E1F623002C678D /* BookPhotoCell.swift */; };
		C899861128E1F904002C678D /* StarRatingCell.swift in Sources */ = {isa = PBXBuildFile; fileRef = C899861028E1F904002C678D /* StarRatingCell.swift */; };
		C899861B28E1FD73002C678D /* CustomProgressView.swift in Sources */ = {isa = PBXBuildFile; fileRef = C899861A28E1FD73002C678D /* CustomProgressView.swift */; };
		C899861D28E1FFAB002C678D /* UpdateBookProgressSheet.swift in Sources */ = {isa = PBXBuildFile; fileRef = C899861C28E1FFAB002C678D /* UpdateBookProgressSheet.swift */; };
		C8AD2548290A69EC00C0B8A1 /* ChartableEntry.swift in Sources */ = {isa = PBXBuildFile; fileRef = C8AD2547290A69EC00C0B8A1 /* ChartableEntry.swift */; };
		C8AD254A290A6AAA00C0B8A1 /* UpdateDailyGoalSheet.swift in Sources */ = {isa = PBXBuildFile; fileRef = C8AD2549290A6AAA00C0B8A1 /* UpdateDailyGoalSheet.swift */; };
		C8AD254C290A720600C0B8A1 /* BookDetailReadingStatus.swift in Sources */ = {isa = PBXBuildFile; fileRef = C8AD254B290A720600C0B8A1 /* BookDetailReadingStatus.swift */; };
		C8AD254E290A773600C0B8A1 /* BookDetailShelvesBar.swift in Sources */ = {isa = PBXBuildFile; fileRef = C8AD254D290A773600C0B8A1 /* BookDetailShelvesBar.swift */; };
		C8BCD89128FD6CE9004DC8FD /* Color.swift in Sources */ = {isa = PBXBuildFile; fileRef = C8BCD89028FD6CE9004DC8FD /* Color.swift */; };
		C8BCD89328FD89A8004DC8FD /* EditReadingEntryView.swift in Sources */ = {isa = PBXBuildFile; fileRef = C8BCD89228FD89A8004DC8FD /* EditReadingEntryView.swift */; };
		C8BCD8BB2900436A004DC8FD /* FrameUp in Frameworks */ = {isa = PBXBuildFile; productRef = C8BCD8BA2900436A004DC8FD /* FrameUp */; };
		C8BCD8BD29004C71004DC8FD /* BookDetailNotesView.swift in Sources */ = {isa = PBXBuildFile; fileRef = C8BCD8BC29004C71004DC8FD /* BookDetailNotesView.swift */; };
		C8CE888828EEE74200FCB607 /* ShelfDetailView.swift in Sources */ = {isa = PBXBuildFile; fileRef = C8408B8228EC9397009D45A3 /* ShelfDetailView.swift */; };
		C8CE889028EEE8E300FCB607 /* readUs.xcdatamodeld in Sources */ = {isa = PBXBuildFile; fileRef = C8CE888D28EEE8D000FCB607 /* readUs.xcdatamodeld */; };
		C8CE889328EEE90A00FCB607 /* Shelf+CoreDataClass.swift in Sources */ = {isa = PBXBuildFile; fileRef = C8CE889128EEE90A00FCB607 /* Shelf+CoreDataClass.swift */; };
		C8CE889428EEE90A00FCB607 /* Shelf+CoreDataProperties.swift in Sources */ = {isa = PBXBuildFile; fileRef = C8CE889228EEE90A00FCB607 /* Shelf+CoreDataProperties.swift */; };
		C8CE889628EF2CCD00FCB607 /* BookChooserSheet.swift in Sources */ = {isa = PBXBuildFile; fileRef = C8CE889528EF2CCD00FCB607 /* BookChooserSheet.swift */; };
		C8CE889828EF35A400FCB607 /* CustomCircularProgressView.swift in Sources */ = {isa = PBXBuildFile; fileRef = C8CE889728EF35A400FCB607 /* CustomCircularProgressView.swift */; };
/* End PBXBuildFile section */

/* Begin PBXFileReference section */
		C8277D6A28F067B10078C9FD /* ReadingGoalsSection.swift */ = {isa = PBXFileReference; lastKnownFileType = sourcecode.swift; path = ReadingGoalsSection.swift; sourceTree = "<group>"; };
		C8408B6428EC8B27009D45A3 /* Entry+CoreDataClass.swift */ = {isa = PBXFileReference; lastKnownFileType = sourcecode.swift; path = "Entry+CoreDataClass.swift"; sourceTree = "<group>"; };
		C8408B6528EC8B27009D45A3 /* Entry+CoreDataProperties.swift */ = {isa = PBXFileReference; lastKnownFileType = sourcecode.swift; path = "Entry+CoreDataProperties.swift"; sourceTree = "<group>"; };
		C8408B6628EC8B27009D45A3 /* Quote+CoreDataClass.swift */ = {isa = PBXFileReference; lastKnownFileType = sourcecode.swift; path = "Quote+CoreDataClass.swift"; sourceTree = "<group>"; };
		C8408B6728EC8B27009D45A3 /* Quote+CoreDataProperties.swift */ = {isa = PBXFileReference; lastKnownFileType = sourcecode.swift; path = "Quote+CoreDataProperties.swift"; sourceTree = "<group>"; };
		C8408B6828EC8B27009D45A3 /* Book+CoreDataClass.swift */ = {isa = PBXFileReference; lastKnownFileType = sourcecode.swift; path = "Book+CoreDataClass.swift"; sourceTree = "<group>"; };
		C8408B7628EC8C35009D45A3 /* Book+CoreDataProperties.swift */ = {isa = PBXFileReference; lastKnownFileType = sourcecode.swift; path = "Book+CoreDataProperties.swift"; sourceTree = "<group>"; };
		C8408B7C28EC8C90009D45A3 /* ShelvesView.swift */ = {isa = PBXFileReference; lastKnownFileType = sourcecode.swift; path = ShelvesView.swift; sourceTree = "<group>"; };
		C8408B8228EC9397009D45A3 /* ShelfDetailView.swift */ = {isa = PBXFileReference; lastKnownFileType = sourcecode.swift; path = ShelfDetailView.swift; sourceTree = "<group>"; };
		C8408B8528ED8341009D45A3 /* NewShelfSheet.swift */ = {isa = PBXFileReference; lastKnownFileType = sourcecode.swift; path = NewShelfSheet.swift; sourceTree = "<group>"; };
		C8408B8728ED85E6009D45A3 /* WithoutListInset.swift */ = {isa = PBXFileReference; lastKnownFileType = sourcecode.swift; path = WithoutListInset.swift; sourceTree = "<group>"; };
		C8408B8928ED8977009D45A3 /* ShelfRow.swift */ = {isa = PBXFileReference; lastKnownFileType = sourcecode.swift; path = ShelfRow.swift; sourceTree = "<group>"; };
		C8408B8B28EDA1EC009D45A3 /* ReadingHistorySheet.swift */ = {isa = PBXFileReference; lastKnownFileType = sourcecode.swift; path = ReadingHistorySheet.swift; sourceTree = "<group>"; };
		C847069A28E45A29006CC559 /* Date.swift */ = {isa = PBXFileReference; lastKnownFileType = sourcecode.swift; path = Date.swift; sourceTree = "<group>"; };
		C85095D728F80A68008F30C4 /* Assets.xcassets */ = {isa = PBXFileReference; lastKnownFileType = folder.assetcatalog; path = Assets.xcassets; sourceTree = "<group>"; };
		C86A118629015E840003EACD /* TodaysReadingSheet.swift */ = {isa = PBXFileReference; lastKnownFileType = sourcecode.swift; path = TodaysReadingSheet.swift; sourceTree = "<group>"; };
		C86CEDEA28F5F95800C5EB9A /* BookGrid.swift */ = {isa = PBXFileReference; lastKnownFileType = sourcecode.swift; path = BookGrid.swift; sourceTree = "<group>"; };
		C86CEDEC28F5FE6100C5EB9A /* CornerRadius.swift */ = {isa = PBXFileReference; lastKnownFileType = sourcecode.swift; path = CornerRadius.swift; sourceTree = "<group>"; };
		C86CEDEE28F602FE00C5EB9A /* ReadThisYearSection.swift */ = {isa = PBXFileReference; lastKnownFileType = sourcecode.swift; path = ReadThisYearSection.swift; sourceTree = "<group>"; };
		C86CEDF028F6078400C5EB9A /* BookCenteredGrid.swift */ = {isa = PBXFileReference; lastKnownFileType = sourcecode.swift; path = BookCenteredGrid.swift; sourceTree = "<group>"; };
		C898CE2528E09E960038AAA3 /* Read Us.app */ = {isa = PBXFileReference; explicitFileType = wrapper.application; includeInIndex = 0; path = "Read Us.app"; sourceTree = BUILT_PRODUCTS_DIR; };
		C898CE2828E09E960038AAA3 /* Read_UsApp.swift */ = {isa = PBXFileReference; lastKnownFileType = sourcecode.swift; path = Read_UsApp.swift; sourceTree = "<group>"; };
		C898CE2A28E09E960038AAA3 /* ContentView.swift */ = {isa = PBXFileReference; lastKnownFileType = sourcecode.swift; path = ContentView.swift; sourceTree = "<group>"; };
		C898CE2F28E09E970038AAA3 /* Preview Assets.xcassets */ = {isa = PBXFileReference; lastKnownFileType = folder.assetcatalog; path = "Preview Assets.xcassets"; sourceTree = "<group>"; };
		C898CE3128E09E970038AAA3 /* Persistence.swift */ = {isa = PBXFileReference; lastKnownFileType = sourcecode.swift; path = Persistence.swift; sourceTree = "<group>"; };
		C898CE3F28E0A9CF0038AAA3 /* MainViewModel.swift */ = {isa = PBXFileReference; lastKnownFileType = sourcecode.swift; path = MainViewModel.swift; sourceTree = "<group>"; };
		C89985DC28E0AEC5002C678D /* CustomTabBarView.swift */ = {isa = PBXFileReference; lastKnownFileType = sourcecode.swift; path = CustomTabBarView.swift; sourceTree = "<group>"; };
		C89985DE28E0AF92002C678D /* TabBarItem.swift */ = {isa = PBXFileReference; lastKnownFileType = sourcecode.swift; path = TabBarItem.swift; sourceTree = "<group>"; };
		C89985E028E0B161002C678D /* CustomTabBarContainerView.swift */ = {isa = PBXFileReference; lastKnownFileType = sourcecode.swift; path = CustomTabBarContainerView.swift; sourceTree = "<group>"; };
		C89985E228E0BB20002C678D /* TabBarItemsPreferenceKey.swift */ = {isa = PBXFileReference; lastKnownFileType = sourcecode.swift; path = TabBarItemsPreferenceKey.swift; sourceTree = "<group>"; };
		C89985E928E0CAC5002C678D /* ReadingNowView.swift */ = {isa = PBXFileReference; lastKnownFileType = sourcecode.swift; path = ReadingNowView.swift; sourceTree = "<group>"; };
		C89985EB28E0CACE002C678D /* LibraryView.swift */ = {isa = PBXFileReference; lastKnownFileType = sourcecode.swift; path = LibraryView.swift; sourceTree = "<group>"; };
		C89985ED28E0CADE002C678D /* TrendsView.swift */ = {isa = PBXFileReference; lastKnownFileType = sourcecode.swift; path = TrendsView.swift; sourceTree = "<group>"; };
		C89985EF28E0CAE9002C678D /* ProfileView.swift */ = {isa = PBXFileReference; lastKnownFileType = sourcecode.swift; path = ProfileView.swift; sourceTree = "<group>"; };
		C89985F128E0D051002C678D /* CachedBook.swift */ = {isa = PBXFileReference; lastKnownFileType = sourcecode.swift; path = CachedBook.swift; sourceTree = "<group>"; };
		C89985F628E0E9C4002C678D /* NewBookSheet.swift */ = {isa = PBXFileReference; lastKnownFileType = sourcecode.swift; path = NewBookSheet.swift; sourceTree = "<group>"; };
		C899860028E0F8A7002C678D /* BookDetailView.swift */ = {isa = PBXFileReference; lastKnownFileType = sourcecode.swift; path = BookDetailView.swift; sourceTree = "<group>"; };
		C899860228E0FA5B002C678D /* ReadingStatus.swift */ = {isa = PBXFileReference; lastKnownFileType = sourcecode.swift; path = ReadingStatus.swift; sourceTree = "<group>"; };
		C899860E28E1F623002C678D /* BookPhotoCell.swift */ = {isa = PBXFileReference; lastKnownFileType = sourcecode.swift; path = BookPhotoCell.swift; sourceTree = "<group>"; };
		C899861028E1F904002C678D /* StarRatingCell.swift */ = {isa = PBXFileReference; lastKnownFileType = sourcecode.swift; path = StarRatingCell.swift; sourceTree = "<group>"; };
		C899861A28E1FD73002C678D /* CustomProgressView.swift */ = {isa = PBXFileReference; lastKnownFileType = sourcecode.swift; path = CustomProgressView.swift; sourceTree = "<group>"; };
		C899861C28E1FFAB002C678D /* UpdateBookProgressSheet.swift */ = {isa = PBXFileReference; lastKnownFileType = sourcecode.swift; path = UpdateBookProgressSheet.swift; sourceTree = "<group>"; };
		C89ADAA628EC7FB000F0F36B /* Read Us.entitlements */ = {isa = PBXFileReference; lastKnownFileType = text.plist.entitlements; path = "Read Us.entitlements"; sourceTree = "<group>"; };
		C89ADAA728EC80AD00F0F36B /* Info.plist */ = {isa = PBXFileReference; fileEncoding = 4; lastKnownFileType = text.plist.xml; path = Info.plist; sourceTree = "<group>"; };
		C8AD2547290A69EC00C0B8A1 /* ChartableEntry.swift */ = {isa = PBXFileReference; lastKnownFileType = sourcecode.swift; path = ChartableEntry.swift; sourceTree = "<group>"; };
		C8AD2549290A6AAA00C0B8A1 /* UpdateDailyGoalSheet.swift */ = {isa = PBXFileReference; lastKnownFileType = sourcecode.swift; path = UpdateDailyGoalSheet.swift; sourceTree = "<group>"; };
		C8AD254B290A720600C0B8A1 /* BookDetailReadingStatus.swift */ = {isa = PBXFileReference; lastKnownFileType = sourcecode.swift; path = BookDetailReadingStatus.swift; sourceTree = "<group>"; };
		C8AD254D290A773600C0B8A1 /* BookDetailShelvesBar.swift */ = {isa = PBXFileReference; lastKnownFileType = sourcecode.swift; path = BookDetailShelvesBar.swift; sourceTree = "<group>"; };
		C8BCD88F28FD6A94004DC8FD /* Read-Us-Info.plist */ = {isa = PBXFileReference; lastKnownFileType = text.plist; path = "Read-Us-Info.plist"; sourceTree = SOURCE_ROOT; };
		C8BCD89028FD6CE9004DC8FD /* Color.swift */ = {isa = PBXFileReference; lastKnownFileType = sourcecode.swift; path = Color.swift; sourceTree = "<group>"; };
		C8BCD89228FD89A8004DC8FD /* EditReadingEntryView.swift */ = {isa = PBXFileReference; lastKnownFileType = sourcecode.swift; path = EditReadingEntryView.swift; sourceTree = "<group>"; };
		C8BCD8BC29004C71004DC8FD /* BookDetailNotesView.swift */ = {isa = PBXFileReference; lastKnownFileType = sourcecode.swift; path = BookDetailNotesView.swift; sourceTree = "<group>"; };
		C8CE888E28EEE8D000FCB607 /* readUs.xcdatamodel */ = {isa = PBXFileReference; lastKnownFileType = wrapper.xcdatamodel; path = readUs.xcdatamodel; sourceTree = "<group>"; };
		C8CE889128EEE90A00FCB607 /* Shelf+CoreDataClass.swift */ = {isa = PBXFileReference; lastKnownFileType = sourcecode.swift; path = "Shelf+CoreDataClass.swift"; sourceTree = "<group>"; };
		C8CE889228EEE90A00FCB607 /* Shelf+CoreDataProperties.swift */ = {isa = PBXFileReference; lastKnownFileType = sourcecode.swift; path = "Shelf+CoreDataProperties.swift"; sourceTree = "<group>"; };
		C8CE889528EF2CCD00FCB607 /* BookChooserSheet.swift */ = {isa = PBXFileReference; lastKnownFileType = sourcecode.swift; path = BookChooserSheet.swift; sourceTree = "<group>"; };
		C8CE889728EF35A400FCB607 /* CustomCircularProgressView.swift */ = {isa = PBXFileReference; lastKnownFileType = sourcecode.swift; path = CustomCircularProgressView.swift; sourceTree = "<group>"; };
/* End PBXFileReference section */

/* Begin PBXFrameworksBuildPhase section */
		C898CE2228E09E960038AAA3 /* Frameworks */ = {
			isa = PBXFrameworksBuildPhase;
			buildActionMask = 2147483647;
			files = (
				C8BCD8BB2900436A004DC8FD /* FrameUp in Frameworks */,
			);
			runOnlyForDeploymentPostprocessing = 0;
		};
/* End PBXFrameworksBuildPhase section */

/* Begin PBXGroup section */
		C8408B8428ED8333009D45A3 /* Shelf */ = {
			isa = PBXGroup;
			children = (
				C8408B7C28EC8C90009D45A3 /* ShelvesView.swift */,
				C8408B8228EC9397009D45A3 /* ShelfDetailView.swift */,
				C8408B8528ED8341009D45A3 /* NewShelfSheet.swift */,
				C8408B8928ED8977009D45A3 /* ShelfRow.swift */,
				C86CEDEA28F5F95800C5EB9A /* BookGrid.swift */,
			);
			path = Shelf;
			sourceTree = "<group>";
		};
		C847069928E45A1C006CC559 /* Extensions */ = {
			isa = PBXGroup;
			children = (
				C847069A28E45A29006CC559 /* Date.swift */,
				C86CEDEC28F5FE6100C5EB9A /* CornerRadius.swift */,
				C8BCD89028FD6CE9004DC8FD /* Color.swift */,
			);
			path = Extensions;
			sourceTree = "<group>";
		};
		C898CE1C28E09E960038AAA3 = {
			isa = PBXGroup;
			children = (
				C898CE2728E09E960038AAA3 /* Read Us */,
				C898CE2628E09E960038AAA3 /* Products */,
			);
			sourceTree = "<group>";
		};
		C898CE2628E09E960038AAA3 /* Products */ = {
			isa = PBXGroup;
			children = (
				C898CE2528E09E960038AAA3 /* Read Us.app */,
			);
			name = Products;
			sourceTree = "<group>";
		};
		C898CE2728E09E960038AAA3 /* Read Us */ = {
			isa = PBXGroup;
			children = (
				C8BCD88F28FD6A94004DC8FD /* Read-Us-Info.plist */,
				C89ADAA628EC7FB000F0F36B /* Read Us.entitlements */,
				C847069928E45A1C006CC559 /* Extensions */,
				C898CE5528E0ADC30038AAA3 /* Customs */,
				C898CE3E28E0A0840038AAA3 /* Core Data */,
				C898CE3D28E0A07D0038AAA3 /* Model */,
				C898CE3C28E0A0730038AAA3 /* Views */,
				C89ADAA728EC80AD00F0F36B /* Info.plist */,
				C85095D728F80A68008F30C4 /* Assets.xcassets */,
				C8CE888D28EEE8D000FCB607 /* readUs.xcdatamodeld */,
				C898CE2828E09E960038AAA3 /* Read_UsApp.swift */,
				C898CE2E28E09E970038AAA3 /* Preview Content */,
			);
			path = "Read Us";
			sourceTree = "<group>";
		};
		C898CE2E28E09E970038AAA3 /* Preview Content */ = {
			isa = PBXGroup;
			children = (
				C898CE2F28E09E970038AAA3 /* Preview Assets.xcassets */,
			);
			path = "Preview Content";
			sourceTree = "<group>";
		};
		C898CE3C28E0A0730038AAA3 /* Views */ = {
			isa = PBXGroup;
			children = (
				C8408B8428ED8333009D45A3 /* Shelf */,
				C89985E428E0CAA4002C678D /* ReadingNow */,
				C89985E628E0CAAF002C678D /* Library */,
				C89985E728E0CAB6002C678D /* Trends */,
				C89985E828E0CABC002C678D /* Profile */,
				C898CE2A28E09E960038AAA3 /* ContentView.swift */,
			);
			path = Views;
			sourceTree = "<group>";
		};
		C898CE3D28E0A07D0038AAA3 /* Model */ = {
			isa = PBXGroup;
			children = (
				C898CE3F28E0A9CF0038AAA3 /* MainViewModel.swift */,
				C89985F128E0D051002C678D /* CachedBook.swift */,
				C899860228E0FA5B002C678D /* ReadingStatus.swift */,
				C8AD2547290A69EC00C0B8A1 /* ChartableEntry.swift */,
			);
			path = Model;
			sourceTree = "<group>";
		};
		C898CE3E28E0A0840038AAA3 /* Core Data */ = {
			isa = PBXGroup;
			children = (
				C8CE889128EEE90A00FCB607 /* Shelf+CoreDataClass.swift */,
				C8CE889228EEE90A00FCB607 /* Shelf+CoreDataProperties.swift */,
				C8408B7628EC8C35009D45A3 /* Book+CoreDataProperties.swift */,
				C8408B6528EC8B27009D45A3 /* Entry+CoreDataProperties.swift */,
				C8408B6728EC8B27009D45A3 /* Quote+CoreDataProperties.swift */,
				C8408B6428EC8B27009D45A3 /* Entry+CoreDataClass.swift */,
				C8408B6628EC8B27009D45A3 /* Quote+CoreDataClass.swift */,
				C8408B6828EC8B27009D45A3 /* Book+CoreDataClass.swift */,
				C898CE3128E09E970038AAA3 /* Persistence.swift */,
			);
			path = "Core Data";
			sourceTree = "<group>";
		};
		C898CE5528E0ADC30038AAA3 /* Customs */ = {
			isa = PBXGroup;
			children = (
				C898CE5628E0ADC90038AAA3 /* CustomTabBar */,
				C899861A28E1FD73002C678D /* CustomProgressView.swift */,
				C8408B8728ED85E6009D45A3 /* WithoutListInset.swift */,
				C8CE889728EF35A400FCB607 /* CustomCircularProgressView.swift */,
				C86CEDF028F6078400C5EB9A /* BookCenteredGrid.swift */,
			);
			path = Customs;
			sourceTree = "<group>";
		};
		C898CE5628E0ADC90038AAA3 /* CustomTabBar */ = {
			isa = PBXGroup;
			children = (
				C89985DC28E0AEC5002C678D /* CustomTabBarView.swift */,
				C89985DE28E0AF92002C678D /* TabBarItem.swift */,
				C89985E028E0B161002C678D /* CustomTabBarContainerView.swift */,
				C89985E228E0BB20002C678D /* TabBarItemsPreferenceKey.swift */,
			);
			path = CustomTabBar;
			sourceTree = "<group>";
		};
		C89985E428E0CAA4002C678D /* ReadingNow */ = {
			isa = PBXGroup;
			children = (
				C89985E928E0CAC5002C678D /* ReadingNowView.swift */,
				C8408B8B28EDA1EC009D45A3 /* ReadingHistorySheet.swift */,
				C8277D6A28F067B10078C9FD /* ReadingGoalsSection.swift */,
				C86CEDEE28F602FE00C5EB9A /* ReadThisYearSection.swift */,
				C8BCD89228FD89A8004DC8FD /* EditReadingEntryView.swift */,
			);
			path = ReadingNow;
			sourceTree = "<group>";
		};
		C89985E628E0CAAF002C678D /* Library */ = {
			isa = PBXGroup;
			children = (
				C89985EB28E0CACE002C678D /* LibraryView.swift */,
				C89985F628E0E9C4002C678D /* NewBookSheet.swift */,
				C899860028E0F8A7002C678D /* BookDetailView.swift */,
				C899860E28E1F623002C678D /* BookPhotoCell.swift */,
				C899861028E1F904002C678D /* StarRatingCell.swift */,
				C899861C28E1FFAB002C678D /* UpdateBookProgressSheet.swift */,
				C8CE889528EF2CCD00FCB607 /* BookChooserSheet.swift */,
				C8BCD8BC29004C71004DC8FD /* BookDetailNotesView.swift */,
				C8AD254B290A720600C0B8A1 /* BookDetailReadingStatus.swift */,
				C8AD254D290A773600C0B8A1 /* BookDetailShelvesBar.swift */,
			);
			path = Library;
			sourceTree = "<group>";
		};
		C89985E728E0CAB6002C678D /* Trends */ = {
			isa = PBXGroup;
			children = (
				C89985ED28E0CADE002C678D /* TrendsView.swift */,
				C86A118629015E840003EACD /* TodaysReadingSheet.swift */,
				C8AD2549290A6AAA00C0B8A1 /* UpdateDailyGoalSheet.swift */,
			);
			path = Trends;
			sourceTree = "<group>";
		};
		C89985E828E0CABC002C678D /* Profile */ = {
			isa = PBXGroup;
			children = (
				C89985EF28E0CAE9002C678D /* ProfileView.swift */,
			);
			path = Profile;
			sourceTree = "<group>";
		};
/* End PBXGroup section */

/* Begin PBXNativeTarget section */
		C898CE2428E09E960038AAA3 /* Read Us */ = {
			isa = PBXNativeTarget;
			buildConfigurationList = C898CE3928E09E970038AAA3 /* Build configuration list for PBXNativeTarget "Read Us" */;
			buildPhases = (
				C898CE2128E09E960038AAA3 /* Sources */,
				C898CE2228E09E960038AAA3 /* Frameworks */,
				C898CE2328E09E960038AAA3 /* Resources */,
			);
			buildRules = (
			);
			dependencies = (
			);
			name = "Read Us";
			packageProductDependencies = (
				C8BCD8BA2900436A004DC8FD /* FrameUp */,
			);
			productName = "Read Us";
			productReference = C898CE2528E09E960038AAA3 /* Read Us.app */;
			productType = "com.apple.product-type.application";
		};
/* End PBXNativeTarget section */

/* Begin PBXProject section */
		C898CE1D28E09E960038AAA3 /* Project object */ = {
			isa = PBXProject;
			attributes = {
				BuildIndependentTargetsInParallel = 1;
				LastSwiftUpdateCheck = 1400;
				LastUpgradeCheck = 1400;
				TargetAttributes = {
					C898CE2428E09E960038AAA3 = {
						CreatedOnToolsVersion = 14.0;
					};
				};
			};
			buildConfigurationList = C898CE2028E09E960038AAA3 /* Build configuration list for PBXProject "Read Us" */;
			compatibilityVersion = "Xcode 14.0";
			developmentRegion = en;
			hasScannedForEncodings = 0;
			knownRegions = (
				en,
				Base,
			);
			mainGroup = C898CE1C28E09E960038AAA3;
			packageReferences = (
				C8BCD8B92900436A004DC8FD /* XCRemoteSwiftPackageReference "FrameUp" */,
			);
			productRefGroup = C898CE2628E09E960038AAA3 /* Products */;
			projectDirPath = "";
			projectRoot = "";
			targets = (
				C898CE2428E09E960038AAA3 /* Read Us */,
			);
		};
/* End PBXProject section */

/* Begin PBXResourcesBuildPhase section */
		C898CE2328E09E960038AAA3 /* Resources */ = {
			isa = PBXResourcesBuildPhase;
			buildActionMask = 2147483647;
			files = (
				C85095D828F80A68008F30C4 /* Assets.xcassets in Resources */,
				C898CE3028E09E970038AAA3 /* Preview Assets.xcassets in Resources */,
			);
			runOnlyForDeploymentPostprocessing = 0;
		};
/* End PBXResourcesBuildPhase section */

/* Begin PBXSourcesBuildPhase section */
		C898CE2128E09E960038AAA3 /* Sources */ = {
			isa = PBXSourcesBuildPhase;
			buildActionMask = 2147483647;
			files = (
				C898CE4028E0A9CF0038AAA3 /* MainViewModel.swift in Sources */,
				C8CE889628EF2CCD00FCB607 /* BookChooserSheet.swift in Sources */,
				C8BCD8BD29004C71004DC8FD /* BookDetailNotesView.swift in Sources */,
				C89985F728E0E9C4002C678D /* NewBookSheet.swift in Sources */,
				C8AD254C290A720600C0B8A1 /* BookDetailReadingStatus.swift in Sources */,
				C8CE889328EEE90A00FCB607 /* Shelf+CoreDataClass.swift in Sources */,
				C8CE889828EF35A400FCB607 /* CustomCircularProgressView.swift in Sources */,
				C89985EC28E0CACE002C678D /* LibraryView.swift in Sources */,
				C89985E128E0B161002C678D /* CustomTabBarContainerView.swift in Sources */,
				C86CEDED28F5FE6100C5EB9A /* CornerRadius.swift in Sources */,
				C89985DF28E0AF92002C678D /* TabBarItem.swift in Sources */,
				C86A118729015E840003EACD /* TodaysReadingSheet.swift in Sources */,
				C8CE889428EEE90A00FCB607 /* Shelf+CoreDataProperties.swift in Sources */,
				C89985F228E0D051002C678D /* CachedBook.swift in Sources */,
				C898CE3228E09E970038AAA3 /* Persistence.swift in Sources */,
				C8277D6B28F067B10078C9FD /* ReadingGoalsSection.swift in Sources */,
				C8BCD89128FD6CE9004DC8FD /* Color.swift in Sources */,
				C8408B6C28EC8B27009D45A3 /* Entry+CoreDataClass.swift in Sources */,
				C899860128E0F8A7002C678D /* BookDetailView.swift in Sources */,
				C899861B28E1FD73002C678D /* CustomProgressView.swift in Sources */,
				C898CE2B28E09E960038AAA3 /* ContentView.swift in Sources */,
				C899861128E1F904002C678D /* StarRatingCell.swift in Sources */,
				C899860328E0FA5B002C678D /* ReadingStatus.swift in Sources */,
				C89985F028E0CAE9002C678D /* ProfileView.swift in Sources */,
				C8AD2548290A69EC00C0B8A1 /* ChartableEntry.swift in Sources */,
				C89985DD28E0AEC5002C678D /* CustomTabBarView.swift in Sources */,
				C8408B8A28ED8977009D45A3 /* ShelfRow.swift in Sources */,
				C8BCD89328FD89A8004DC8FD /* EditReadingEntryView.swift in Sources */,
				C8408B6D28EC8B27009D45A3 /* Entry+CoreDataProperties.swift in Sources */,
				C8CE889028EEE8E300FCB607 /* readUs.xcdatamodeld in Sources */,
				C8AD254E290A773600C0B8A1 /* BookDetailShelvesBar.swift in Sources */,
				C8408B8C28EDA1EC009D45A3 /* ReadingHistorySheet.swift in Sources */,
				C8408B7028EC8B27009D45A3 /* Book+CoreDataClass.swift in Sources */,
				C86CEDEF28F602FE00C5EB9A /* ReadThisYearSection.swift in Sources */,
				C898CE2928E09E960038AAA3 /* Read_UsApp.swift in Sources */,
				C86CEDEB28F5F95800C5EB9A /* BookGrid.swift in Sources */,
				C8408B6E28EC8B27009D45A3 /* Quote+CoreDataClass.swift in Sources */,
				C89985EA28E0CAC5002C678D /* ReadingNowView.swift in Sources */,
				C8408B8628ED8341009D45A3 /* NewShelfSheet.swift in Sources */,
				C8AD254A290A6AAA00C0B8A1 /* UpdateDailyGoalSheet.swift in Sources */,
				C8408B6F28EC8B27009D45A3 /* Quote+CoreDataProperties.swift in Sources */,
				C8408B7928EC8C35009D45A3 /* Book+CoreDataProperties.swift in Sources */,
				C8CE888828EEE74200FCB607 /* ShelfDetailView.swift in Sources */,
				C899861D28E1FFAB002C678D /* UpdateBookProgressSheet.swift in Sources */,
				C8408B8828ED85E6009D45A3 /* WithoutListInset.swift in Sources */,
				C847069B28E45A29006CC559 /* Date.swift in Sources */,
				C899860F28E1F623002C678D /* BookPhotoCell.swift in Sources */,
				C86CEDF128F6078400C5EB9A /* BookCenteredGrid.swift in Sources */,
				C89985EE28E0CADE002C678D /* TrendsView.swift in Sources */,
				C8408B7D28EC8C90009D45A3 /* ShelvesView.swift in Sources */,
				C89985E328E0BB20002C678D /* TabBarItemsPreferenceKey.swift in Sources */,
			);
			runOnlyForDeploymentPostprocessing = 0;
		};
/* End PBXSourcesBuildPhase section */

/* Begin XCBuildConfiguration section */
		C898CE3728E09E970038AAA3 /* Debug */ = {
			isa = XCBuildConfiguration;
			buildSettings = {
				ALWAYS_SEARCH_USER_PATHS = NO;
				ASSETCATALOG_COMPILER_GLOBAL_ACCENT_COLOR_NAME = AccentColor;
				CLANG_ANALYZER_NONNULL = YES;
				CLANG_ANALYZER_NUMBER_OBJECT_CONVERSION = YES_AGGRESSIVE;
				CLANG_CXX_LANGUAGE_STANDARD = "gnu++20";
				CLANG_ENABLE_MODULES = YES;
				CLANG_ENABLE_OBJC_ARC = YES;
				CLANG_ENABLE_OBJC_WEAK = YES;
				CLANG_WARN_BLOCK_CAPTURE_AUTORELEASING = YES;
				CLANG_WARN_BOOL_CONVERSION = YES;
				CLANG_WARN_COMMA = YES;
				CLANG_WARN_CONSTANT_CONVERSION = YES;
				CLANG_WARN_DEPRECATED_OBJC_IMPLEMENTATIONS = YES;
				CLANG_WARN_DIRECT_OBJC_ISA_USAGE = YES_ERROR;
				CLANG_WARN_DOCUMENTATION_COMMENTS = YES;
				CLANG_WARN_EMPTY_BODY = YES;
				CLANG_WARN_ENUM_CONVERSION = YES;
				CLANG_WARN_INFINITE_RECURSION = YES;
				CLANG_WARN_INT_CONVERSION = YES;
				CLANG_WARN_NON_LITERAL_NULL_CONVERSION = YES;
				CLANG_WARN_OBJC_IMPLICIT_RETAIN_SELF = YES;
				CLANG_WARN_OBJC_LITERAL_CONVERSION = YES;
				CLANG_WARN_OBJC_ROOT_CLASS = YES_ERROR;
				CLANG_WARN_QUOTED_INCLUDE_IN_FRAMEWORK_HEADER = YES;
				CLANG_WARN_RANGE_LOOP_ANALYSIS = YES;
				CLANG_WARN_STRICT_PROTOTYPES = YES;
				CLANG_WARN_SUSPICIOUS_MOVE = YES;
				CLANG_WARN_UNGUARDED_AVAILABILITY = YES_AGGRESSIVE;
				CLANG_WARN_UNREACHABLE_CODE = YES;
				CLANG_WARN__DUPLICATE_METHOD_MATCH = YES;
				COPY_PHASE_STRIP = NO;
				DEBUG_INFORMATION_FORMAT = dwarf;
				ENABLE_STRICT_OBJC_MSGSEND = YES;
				ENABLE_TESTABILITY = YES;
				GCC_C_LANGUAGE_STANDARD = gnu11;
				GCC_DYNAMIC_NO_PIC = NO;
				GCC_NO_COMMON_BLOCKS = YES;
				GCC_OPTIMIZATION_LEVEL = 0;
				GCC_PREPROCESSOR_DEFINITIONS = (
					"DEBUG=1",
					"$(inherited)",
				);
				GCC_WARN_64_TO_32_BIT_CONVERSION = YES;
				GCC_WARN_ABOUT_RETURN_TYPE = YES_ERROR;
				GCC_WARN_UNDECLARED_SELECTOR = YES;
				GCC_WARN_UNINITIALIZED_AUTOS = YES_AGGRESSIVE;
				GCC_WARN_UNUSED_FUNCTION = YES;
				GCC_WARN_UNUSED_VARIABLE = YES;
				IPHONEOS_DEPLOYMENT_TARGET = 16.0;
				MTL_ENABLE_DEBUG_INFO = INCLUDE_SOURCE;
				MTL_FAST_MATH = YES;
				ONLY_ACTIVE_ARCH = YES;
				SDKROOT = iphoneos;
				SWIFT_ACTIVE_COMPILATION_CONDITIONS = DEBUG;
				SWIFT_OPTIMIZATION_LEVEL = "-Onone";
			};
			name = Debug;
		};
		C898CE3828E09E970038AAA3 /* Release */ = {
			isa = XCBuildConfiguration;
			buildSettings = {
				ALWAYS_SEARCH_USER_PATHS = NO;
				ASSETCATALOG_COMPILER_GLOBAL_ACCENT_COLOR_NAME = AccentColor;
				CLANG_ANALYZER_NONNULL = YES;
				CLANG_ANALYZER_NUMBER_OBJECT_CONVERSION = YES_AGGRESSIVE;
				CLANG_CXX_LANGUAGE_STANDARD = "gnu++20";
				CLANG_ENABLE_MODULES = YES;
				CLANG_ENABLE_OBJC_ARC = YES;
				CLANG_ENABLE_OBJC_WEAK = YES;
				CLANG_WARN_BLOCK_CAPTURE_AUTORELEASING = YES;
				CLANG_WARN_BOOL_CONVERSION = YES;
				CLANG_WARN_COMMA = YES;
				CLANG_WARN_CONSTANT_CONVERSION = YES;
				CLANG_WARN_DEPRECATED_OBJC_IMPLEMENTATIONS = YES;
				CLANG_WARN_DIRECT_OBJC_ISA_USAGE = YES_ERROR;
				CLANG_WARN_DOCUMENTATION_COMMENTS = YES;
				CLANG_WARN_EMPTY_BODY = YES;
				CLANG_WARN_ENUM_CONVERSION = YES;
				CLANG_WARN_INFINITE_RECURSION = YES;
				CLANG_WARN_INT_CONVERSION = YES;
				CLANG_WARN_NON_LITERAL_NULL_CONVERSION = YES;
				CLANG_WARN_OBJC_IMPLICIT_RETAIN_SELF = YES;
				CLANG_WARN_OBJC_LITERAL_CONVERSION = YES;
				CLANG_WARN_OBJC_ROOT_CLASS = YES_ERROR;
				CLANG_WARN_QUOTED_INCLUDE_IN_FRAMEWORK_HEADER = YES;
				CLANG_WARN_RANGE_LOOP_ANALYSIS = YES;
				CLANG_WARN_STRICT_PROTOTYPES = YES;
				CLANG_WARN_SUSPICIOUS_MOVE = YES;
				CLANG_WARN_UNGUARDED_AVAILABILITY = YES_AGGRESSIVE;
				CLANG_WARN_UNREACHABLE_CODE = YES;
				CLANG_WARN__DUPLICATE_METHOD_MATCH = YES;
				COPY_PHASE_STRIP = NO;
				DEBUG_INFORMATION_FORMAT = "dwarf-with-dsym";
				ENABLE_NS_ASSERTIONS = NO;
				ENABLE_STRICT_OBJC_MSGSEND = YES;
				GCC_C_LANGUAGE_STANDARD = gnu11;
				GCC_NO_COMMON_BLOCKS = YES;
				GCC_WARN_64_TO_32_BIT_CONVERSION = YES;
				GCC_WARN_ABOUT_RETURN_TYPE = YES_ERROR;
				GCC_WARN_UNDECLARED_SELECTOR = YES;
				GCC_WARN_UNINITIALIZED_AUTOS = YES_AGGRESSIVE;
				GCC_WARN_UNUSED_FUNCTION = YES;
				GCC_WARN_UNUSED_VARIABLE = YES;
				IPHONEOS_DEPLOYMENT_TARGET = 16.0;
				MTL_ENABLE_DEBUG_INFO = NO;
				MTL_FAST_MATH = YES;
				SDKROOT = iphoneos;
				SWIFT_COMPILATION_MODE = wholemodule;
				SWIFT_OPTIMIZATION_LEVEL = "-O";
				VALIDATE_PRODUCT = YES;
			};
			name = Release;
		};
		C898CE3A28E09E970038AAA3 /* Debug */ = {
			isa = XCBuildConfiguration;
			buildSettings = {
				ASSETCATALOG_COMPILER_APPICON_NAME = AppIcon;
				ASSETCATALOG_COMPILER_GLOBAL_ACCENT_COLOR_NAME = AccentColor;
				"ASSETCATALOG_COMPILER_GLOBAL_ACCENT_COLOR_NAME[sdk=iphoneos*]" = AccentColor;
				CODE_SIGN_ENTITLEMENTS = "Read Us/Read Us.entitlements";
				CODE_SIGN_STYLE = Automatic;
				CURRENT_PROJECT_VERSION = 7;
				DEVELOPMENT_ASSET_PATHS = "Read\\ Us/Preview\\ Content";
				DEVELOPMENT_TEAM = 7AGNJTPT6V;
				ENABLE_PREVIEWS = YES;
				GENERATE_INFOPLIST_FILE = YES;
				INFOPLIST_FILE = "Read-Us-Info.plist";
				INFOPLIST_KEY_CFBundleDisplayName = Bookie;
				INFOPLIST_KEY_LSApplicationCategoryType = "public.app-category.books";
				INFOPLIST_KEY_UIApplicationSceneManifest_Generation = YES;
				INFOPLIST_KEY_UIApplicationSupportsIndirectInputEvents = YES;
				INFOPLIST_KEY_UILaunchScreen_Generation = YES;
				INFOPLIST_KEY_UISupportedInterfaceOrientations = UIInterfaceOrientationPortrait;
				LD_RUNPATH_SEARCH_PATHS = (
					"$(inherited)",
					"@executable_path/Frameworks",
				);
				MARKETING_VERSION = 0.4;
				PRODUCT_BUNDLE_IDENTIFIER = "com.kubamilcarz.Read-Us";
				PRODUCT_NAME = "$(TARGET_NAME)";
				SUPPORTED_PLATFORMS = "iphoneos iphonesimulator";
				SUPPORTS_MACCATALYST = NO;
				SUPPORTS_MAC_DESIGNED_FOR_IPHONE_IPAD = NO;
				SWIFT_EMIT_LOC_STRINGS = YES;
				SWIFT_VERSION = 5.0;
				TARGETED_DEVICE_FAMILY = 1;
			};
			name = Debug;
		};
		C898CE3B28E09E970038AAA3 /* Release */ = {
			isa = XCBuildConfiguration;
			buildSettings = {
				ASSETCATALOG_COMPILER_APPICON_NAME = AppIcon;
				ASSETCATALOG_COMPILER_GLOBAL_ACCENT_COLOR_NAME = AccentColor;
				"ASSETCATALOG_COMPILER_GLOBAL_ACCENT_COLOR_NAME[sdk=iphoneos*]" = AccentColor;
				CODE_SIGN_ENTITLEMENTS = "Read Us/Read Us.entitlements";
				CODE_SIGN_STYLE = Automatic;
				CURRENT_PROJECT_VERSION = 7;
				DEVELOPMENT_ASSET_PATHS = "Read\\ Us/Preview\\ Content";
				DEVELOPMENT_TEAM = 7AGNJTPT6V;
				ENABLE_PREVIEWS = YES;
				GENERATE_INFOPLIST_FILE = YES;
				INFOPLIST_FILE = "Read-Us-Info.plist";
				INFOPLIST_KEY_CFBundleDisplayName = Bookie;
				INFOPLIST_KEY_LSApplicationCategoryType = "public.app-category.books";
				INFOPLIST_KEY_UIApplicationSceneManifest_Generation = YES;
				INFOPLIST_KEY_UIApplicationSupportsIndirectInputEvents = YES;
				INFOPLIST_KEY_UILaunchScreen_Generation = YES;
				INFOPLIST_KEY_UISupportedInterfaceOrientations = UIInterfaceOrientationPortrait;
				LD_RUNPATH_SEARCH_PATHS = (
					"$(inherited)",
					"@executable_path/Frameworks",
				);
				MARKETING_VERSION = 0.4;
				PRODUCT_BUNDLE_IDENTIFIER = "com.kubamilcarz.Read-Us";
				PRODUCT_NAME = "$(TARGET_NAME)";
				SUPPORTED_PLATFORMS = "iphoneos iphonesimulator";
				SUPPORTS_MACCATALYST = NO;
				SUPPORTS_MAC_DESIGNED_FOR_IPHONE_IPAD = NO;
				SWIFT_EMIT_LOC_STRINGS = YES;
				SWIFT_VERSION = 5.0;
				TARGETED_DEVICE_FAMILY = 1;
			};
			name = Release;
		};
/* End XCBuildConfiguration section */

/* Begin XCConfigurationList section */
		C898CE2028E09E960038AAA3 /* Build configuration list for PBXProject "Read Us" */ = {
			isa = XCConfigurationList;
			buildConfigurations = (
				C898CE3728E09E970038AAA3 /* Debug */,
				C898CE3828E09E970038AAA3 /* Release */,
			);
			defaultConfigurationIsVisible = 0;
			defaultConfigurationName = Release;
		};
		C898CE3928E09E970038AAA3 /* Build configuration list for PBXNativeTarget "Read Us" */ = {
			isa = XCConfigurationList;
			buildConfigurations = (
				C898CE3A28E09E970038AAA3 /* Debug */,
				C898CE3B28E09E970038AAA3 /* Release */,
			);
			defaultConfigurationIsVisible = 0;
			defaultConfigurationName = Release;
		};
/* End XCConfigurationList section */

/* Begin XCRemoteSwiftPackageReference section */
		C8BCD8B92900436A004DC8FD /* XCRemoteSwiftPackageReference "FrameUp" */ = {
			isa = XCRemoteSwiftPackageReference;
			repositoryURL = "https://github.com/ryanlintott/FrameUp";
			requirement = {
				kind = upToNextMajorVersion;
				minimumVersion = 0.4.2;
			};
		};
/* End XCRemoteSwiftPackageReference section */

/* Begin XCSwiftPackageProductDependency section */
		C8BCD8BA2900436A004DC8FD /* FrameUp */ = {
			isa = XCSwiftPackageProductDependency;
			package = C8BCD8B92900436A004DC8FD /* XCRemoteSwiftPackageReference "FrameUp" */;
			productName = FrameUp;
		};
/* End XCSwiftPackageProductDependency section */

/* Begin XCVersionGroup section */
		C8CE888D28EEE8D000FCB607 /* readUs.xcdatamodeld */ = {
			isa = XCVersionGroup;
			children = (
				C8CE888E28EEE8D000FCB607 /* readUs.xcdatamodel */,
			);
			currentVersion = C8CE888E28EEE8D000FCB607 /* readUs.xcdatamodel */;
			path = readUs.xcdatamodeld;
			sourceTree = "<group>";
			versionGroupType = wrapper.xcdatamodel;
		};
/* End XCVersionGroup section */
	};
	rootObject = C898CE1D28E09E960038AAA3 /* Project object */;
}
